
Microsoft Visual Studio Solution File, Format Version 12.00
# Visual Studio Version 17
VisualStudioVersion = 17.10.35013.160
MinimumVisualStudioVersion = 10.0.40219.1
Project("{FAE04EC0-301F-11D3-BF4B-00C04F79EFBC}") = "Travel_Agency_Managment_System", "Travel_Agency_Managment_System\Travel_Agency_Managment_System.csproj", "{232ADFFA-8767-4569-ADD4-32CBF6C82634}"
EndProject
Global
	GlobalSection(SolutionConfigurationPlatforms) = preSolution
		Debug|Any CPU = Debug|Any CPU
		Release|Any CPU = Release|Any CPU
	EndGlobalSection
	GlobalSection(ProjectConfigurationPlatforms) = postSolution
		{232ADFFA-8767-4569-ADD4-32CBF6C82634}.Debug|Any CPU.ActiveCfg = Debug|Any CPU
		{232ADFFA-8767-4569-ADD4-32CBF6C82634}.Debug|Any CPU.Build.0 = Debug|Any CPU
		{232ADFFA-8767-4569-ADD4-32CBF6C82634}.Release|Any CPU.ActiveCfg = Release|Any CPU
		{232ADFFA-8767-4569-ADD4-32CBF6C82634}.Release|Any CPU.Build.0 = Release|Any CPU
	EndGlobalSection
	GlobalSection(SolutionProperties) = preSolution
		HideSolutionNode = FALSE
	EndGlobalSection
	GlobalSection(ExtensibilityGlobals) = postSolution
		SolutionGuid = {3BFE6B9C-9D04-4B42-AF8A-5630F2EBF152}
	EndGlobalSection
EndGlobal
